// !$*UTF8*$!
{
	archiveVersion = 1;
	classes = {
	};
	objectVersion = 50;
	objects = {

/* Begin PBXBuildFile section */
		858F726823D0408F00A9590D /* AppDelegate.swift in Sources */ = {isa = PBXBuildFile; fileRef = 858F726723D0408F00A9590D /* AppDelegate.swift */; };
		858F726A23D0408F00A9590D /* SceneDelegate.swift in Sources */ = {isa = PBXBuildFile; fileRef = 858F726923D0408F00A9590D /* SceneDelegate.swift */; };
		858F726C23D0408F00A9590D /* ViewController.swift in Sources */ = {isa = PBXBuildFile; fileRef = 858F726B23D0408F00A9590D /* ViewController.swift */; };
		858F726F23D0408F00A9590D /* Main.storyboard in Resources */ = {isa = PBXBuildFile; fileRef = 858F726D23D0408F00A9590D /* Main.storyboard */; };
		858F727123D0409000A9590D /* Assets.xcassets in Resources */ = {isa = PBXBuildFile; fileRef = 858F727023D0409000A9590D /* Assets.xcassets */; };
		858F727423D0409000A9590D /* LaunchScreen.storyboard in Resources */ = {isa = PBXBuildFile; fileRef = 858F727223D0409000A9590D /* LaunchScreen.storyboard */; };
		858F727C23D050BC00A9590D /* TableViewCell.swift in Sources */ = {isa = PBXBuildFile; fileRef = 858F727B23D050BC00A9590D /* TableViewCell.swift */; };
/* End PBXBuildFile section */

/* Begin PBXFileReference section */
		858F726423D0408F00A9590D /* expandableTableView.app */ = {isa = PBXFileReference; explicitFileType = wrapper.application; includeInIndex = 0; path = expandableTableView.app; sourceTree = BUILT_PRODUCTS_DIR; };
		858F726723D0408F00A9590D /* AppDelegate.swift */ = {isa = PBXFileReference; lastKnownFileType = sourcecode.swift; path = AppDelegate.swift; sourceTree = "<group>"; };
		858F726923D0408F00A9590D /* SceneDelegate.swift */ = {isa = PBXFileReference; lastKnownFileType = sourcecode.swift; path = SceneDelegate.swift; sourceTree = "<group>"; };
		858F726B23D0408F00A9590D /* ViewController.swift */ = {isa = PBXFileReference; lastKnownFileType = sourcecode.swift; path = ViewController.swift; sourceTree = "<group>"; };
		858F726E23D0408F00A9590D /* Base */ = {isa = PBXFileReference; lastKnownFileType = file.storyboard; name = Base; path = Base.lproj/Main.storyboard; sourceTree = "<group>"; };
		858F727023D0409000A9590D /* Assets.xcassets */ = {isa = PBXFileReference; lastKnownFileType = folder.assetcatalog; path = Assets.xcassets; sourceTree = "<group>"; };
		858F727323D0409000A9590D /* Base */ = {isa = PBXFileReference; lastKnownFileType = file.storyboard; name = Base; path = Base.lproj/LaunchScreen.storyboard; sourceTree = "<group>"; };
		858F727523D0409000A9590D /* Info.plist */ = {isa = PBXFileReference; lastKnownFileType = text.plist.xml; path = Info.plist; sourceTree = "<group>"; };
		858F727B23D050BC00A9590D /* TableViewCell.swift */ = {isa = PBXFileReference; lastKnownFileType = sourcecode.swift; path = TableViewCell.swift; sourceTree = "<group>"; };
/* End PBXFileReference section */

/* Begin PBXFrameworksBuildPhase section */
		858F726123D0408F00A9590D /* Frameworks */ = {
			isa = PBXFrameworksBuildPhase;
			buildActionMask = 2147483647;
			files = (
			);
			runOnlyForDeploymentPostprocessing = 0;
		};
/* End PBXFrameworksBuildPhase section */

/* Begin PBXGroup section */
		858F725B23D0408F00A9590D = {
			isa = PBXGroup;
			children = (
				858F726623D0408F00A9590D /* expandableTableView */,
				858F726523D0408F00A9590D /* Products */,
			);
			sourceTree = "<group>";
		};
		858F726523D0408F00A9590D /* Products */ = {
			isa = PBXGroup;
			children = (
				858F726423D0408F00A9590D /* expandableTableView.app */,
			);
			name = Products;
			sourceTree = "<group>";
		};
		858F726623D0408F00A9590D /* expandableTableView */ = {
			isa = PBXGroup;
			children = (
				858F726723D0408F00A9590D /* AppDelegate.swift */,
				858F726923D0408F00A9590D /* SceneDelegate.swift */,
				858F726B23D0408F00A9590D /* ViewController.swift */,
				858F726D23D0408F00A9590D /* Main.storyboard */,
				858F727023D0409000A9590D /* Assets.xcassets */,
				858F727223D0409000A9590D /* LaunchScreen.storyboard */,
				858F727523D0409000A9590D /* Info.plist */,
				858F727B23D050BC00A9590D /* TableViewCell.swift */,
			);
			path = expandableTableView;
			sourceTree = "<group>";
		};
/* End PBXGroup section */

/* Begin PBXNativeTarget section */
		858F726323D0408F00A9590D /* expandableTableView */ = {
			isa = PBXNativeTarget;
			buildConfigurationList = 858F727823D0409000A9590D /* Build configuration list for PBXNativeTarget "expandableTableView" */;
			buildPhases = (
				858F726023D0408F00A9590D /* Sources */,
				858F726123D0408F00A9590D /* Frameworks */,
				858F726223D0408F00A9590D /* Resources */,
			);
			buildRules = (
			);
			dependencies = (
			);
			name = expandableTableView;
			productName = expandableTableView;
			productReference = 858F726423D0408F00A9590D /* expandableTableView.app */;
			productType = "com.apple.product-type.application";
		};
/* End PBXNativeTarget section */

/* Begin PBXProject section */
		858F725C23D0408F00A9590D /* Project object */ = {
			isa = PBXProject;
			attributes = {
				LastSwiftUpdateCheck = 1130;
				LastUpgradeCheck = 1130;
				ORGANIZATIONNAME = "Al Mustakim";
				TargetAttributes = {
					858F726323D0408F00A9590D = {
						CreatedOnToolsVersion = 11.3;
					};
				};
			};
			buildConfigurationList = 858F725F23D0408F00A9590D /* Build configuration list for PBXProject "expandableTableView" */;
			compatibilityVersion = "Xcode 9.3";
			developmentRegion = en;
			hasScannedForEncodings = 0;
			knownRegions = (
				en,
				Base,
			);
			mainGroup = 858F725B23D0408F00A9590D;
			productRefGroup = 858F726523D0408F00A9590D /* Products */;
			projectDirPath = "";
			projectRoot = "";
			targets = (
				858F726323D0408F00A9590D /* expandableTableView */,
			);
		};
/* End PBXProject section */

/* Begin PBXResourcesBuildPhase section */
		858F726223D0408F00A9590D /* Resources */ = {
			isa = PBXResourcesBuildPhase;
			buildActionMask = 2147483647;
			files = (
				858F727423D0409000A9590D /* LaunchScreen.storyboard in Resources */,
				858F727123D0409000A9590D /* Assets.xcassets in Resources */,
				858F726F23D0408F00A9590D /* Main.storyboard in Resources */,
			);
			runOnlyForDeploymentPostprocessing = 0;
		};
/* End PBXResourcesBuildPhase section */

/* Begin PBXSourcesBuildPhase section */
		858F726023D0408F00A9590D /* Sources */ = {
			isa = PBXSourcesBuildPhase;
			buildActionMask = 2147483647;
			files = (
				858F726C23D0408F00A9590D /* ViewController.swift in Sources */,
				858F727C23D050BC00A9590D /* TableViewCell.swift in Sources */,
				858F726823D0408F00A9590D /* AppDelegate.swift in Sources */,
				858F726A23D0408F00A9590D /* SceneDelegate.swift in Sources */,
			);
			runOnlyForDeploymentPostprocessing = 0;
		};
/* End PBXSourcesBuildPhase section */

/* Begin PBXVariantGroup section */
		858F726D23D0408F00A9590D /* Main.storyboard */ = {
			isa = PBXVariantGroup;
			children = (
				858F726E23D0408F00A9590D /* Base */,
			);
			name = Main.storyboard;
			sourceTree = "<group>";
		};
		858F727223D0409000A9590D /* LaunchScreen.storyboard */ = {
			isa = PBXVariantGroup;
			children = (
				858F727323D0409000A9590D /* Base */,
			);
			name = LaunchScreen.storyboard;
			sourceTree = "<group>";
		};
/* End PBXVariantGroup section */

/* Begin XCBuildConfiguration section */
		858F727623D0409000A9590D /* Debug */ = {
			isa = XCBuildConfiguration;
			buildSettings = {
				ALWAYS_SEARCH_USER_PATHS = NO;
				CLANG_ANALYZER_NONNULL = YES;
				CLANG_ANALYZER_NUMBER_OBJECT_CONVERSION = YES_AGGRESSIVE;
				CLANG_CXX_LANGUAGE_STANDARD = "gnu++14";
				CLANG_CXX_LIBRARY = "libc++";
				CLANG_ENABLE_MODULES = YES;
				CLANG_ENABLE_OBJC_ARC = YES;
				CLANG_ENABLE_OBJC_WEAK = YES;
				CLANG_WARN_BLOCK_CAPTURE_AUTORELEASING = YES;
				CLANG_WARN_BOOL_CONVERSION = YES;
				CLANG_WARN_COMMA = YES;
				CLANG_WARN_CONSTANT_CONVERSION = YES;
				CLANG_WARN_DEPRECATED_OBJC_IMPLEMENTATIONS = YES;
				CLANG_WARN_DIRECT_OBJC_ISA_USAGE = YES_ERROR;
				CLANG_WARN_DOCUMENTATION_COMMENTS = YES;
				CLANG_WARN_EMPTY_BODY = YES;
				CLANG_WARN_ENUM_CONVERSION = YES;
				CLANG_WARN_INFINITE_RECURSION = YES;
				CLANG_WARN_INT_CONVERSION = YES;
				CLANG_WARN_NON_LITERAL_NULL_CONVERSION = YES;
				CLANG_WARN_OBJC_IMPLICIT_RETAIN_SELF = YES;
				CLANG_WARN_OBJC_LITERAL_CONVERSION = YES;
				CLANG_WARN_OBJC_ROOT_CLASS = YES_ERROR;
				CLANG_WARN_RANGE_LOOP_ANALYSIS = YES;
				CLANG_WARN_STRICT_PROTOTYPES = YES;
				CLANG_WARN_SUSPICIOUS_MOVE = YES;
				CLANG_WARN_UNGUARDED_AVAILABILITY = YES_AGGRESSIVE;
				CLANG_WARN_UNREACHABLE_CODE = YES;
				CLANG_WARN__DUPLICATE_METHOD_MATCH = YES;
				COPY_PHASE_STRIP = NO;
				DEBUG_INFORMATION_FORMAT = dwarf;
				ENABLE_STRICT_OBJC_MSGSEND = YES;
				ENABLE_TESTABILITY = YES;
				GCC_C_LANGUAGE_STANDARD = gnu11;
				GCC_DYNAMIC_NO_PIC = NO;
				GCC_NO_COMMON_BLOCKS = YES;
				GCC_OPTIMIZATION_LEVEL = 0;
				GCC_PREPROCESSOR_DEFINITIONS = (
					"DEBUG=1",
					"$(inherited)",
				);
				GCC_WARN_64_TO_32_BIT_CONVERSION = YES;
				GCC_WARN_ABOUT_RETURN_TYPE = YES_ERROR;
				GCC_WARN_UNDECLARED_SELECTOR = YES;
				GCC_WARN_UNINITIALIZED_AUTOS = YES_AGGRESSIVE;
				GCC_WARN_UNUSED_FUNCTION = YES;
				GCC_WARN_UNUSED_VARIABLE = YES;
				IPHONEOS_DEPLOYMENT_TARGET = 13.2;
				MTL_ENABLE_DEBUG_INFO = INCLUDE_SOURCE;
				MTL_FAST_MATH = YES;
				ONLY_ACTIVE_ARCH = YES;
				SDKROOT = iphoneos;
				SWIFT_ACTIVE_COMPILATION_CONDITIONS = DEBUG;
				SWIFT_OPTIMIZATION_LEVEL = "-Onone";
			};
			name = Debug;
		};
		858F727723D0409000A9590D /* Release */ = {
			isa = XCBuildConfiguration;
			buildSettings = {
				ALWAYS_SEARCH_USER_PATHS = NO;
				CLANG_ANALYZER_NONNULL = YES;
				CLANG_ANALYZER_NUMBER_OBJECT_CONVERSION = YES_AGGRESSIVE;
				CLANG_CXX_LANGUAGE_STANDARD = "gnu++14";
				CLANG_CXX_LIBRARY = "libc++";
				CLANG_ENABLE_MODULES = YES;
				CLANG_ENABLE_OBJC_ARC = YES;
				CLANG_ENABLE_OBJC_WEAK = YES;
				CLANG_WARN_BLOCK_CAPTURE_AUTORELEASING = YES;
				CLANG_WARN_BOOL_CONVERSION = YES;
				CLANG_WARN_COMMA = YES;
				CLANG_WARN_CONSTANT_CONVERSION = YES;
				CLANG_WARN_DEPRECATED_OBJC_IMPLEMENTATIONS = YES;
				CLANG_WARN_DIRECT_OBJC_ISA_USAGE = YES_ERROR;
				CLANG_WARN_DOCUMENTATION_COMMENTS = YES;
				CLANG_WARN_EMPTY_BODY = YES;
				CLANG_WARN_ENUM_CONVERSION = YES;
				CLANG_WARN_INFINITE_RECURSION = YES;
				CLANG_WARN_INT_CONVERSION = YES;
				CLANG_WARN_NON_LITERAL_NULL_CONVERSION = YES;
				CLANG_WARN_OBJC_IMPLICIT_RETAIN_SELF = YES;
				CLANG_WARN_OBJC_LITERAL_CONVERSION = YES;
				CLANG_WARN_OBJC_ROOT_CLASS = YES_ERROR;
				CLANG_WARN_RANGE_LOOP_ANALYSIS = YES;
				CLANG_WARN_STRICT_PROTOTYPES = YES;
				CLANG_WARN_SUSPICIOUS_MOVE = YES;
				CLANG_WARN_UNGUARDED_AVAILABILITY = YES_AGGRESSIVE;
				CLANG_WARN_UNREACHABLE_CODE = YES;
				CLANG_WARN__DUPLICATE_METHOD_MATCH = YES;
				COPY_PHASE_STRIP = NO;
				DEBUG_INFORMATION_FORMAT = "dwarf-with-dsym";
				ENABLE_NS_ASSERTIONS = NO;
				ENABLE_STRICT_OBJC_MSGSEND = YES;
				GCC_C_LANGUAGE_STANDARD = gnu11;
				GCC_NO_COMMON_BLOCKS = YES;
				GCC_WARN_64_TO_32_BIT_CONVERSION = YES;
				GCC_WARN_ABOUT_RETURN_TYPE = YES_ERROR;
				GCC_WARN_UNDECLARED_SELECTOR = YES;
				GCC_WARN_UNINITIALIZED_AUTOS = YES_AGGRESSIVE;
				GCC_WARN_UNUSED_FUNCTION = YES;
				GCC_WARN_UNUSED_VARIABLE = YES;
				IPHONEOS_DEPLOYMENT_TARGET = 13.2;
				MTL_ENABLE_DEBUG_INFO = NO;
				MTL_FAST_MATH = YES;
				SDKROOT = iphoneos;
				SWIFT_COMPILATION_MODE = wholemodule;
				SWIFT_OPTIMIZATION_LEVEL = "-O";
				VALIDATE_PRODUCT = YES;
			};
			name = Release;
		};
		858F727923D0409000A9590D /* Debug */ = {
			isa = XCBuildConfiguration;
			buildSettings = {
				ASSETCATALOG_COMPILER_APPICON_NAME = AppIcon;
				CODE_SIGN_STYLE = Automatic;
				INFOPLIST_FILE = expandableTableView/Info.plist;
				LD_RUNPATH_SEARCH_PATHS = (
					"$(inherited)",
					"@executable_path/Frameworks",
				);
				PRODUCT_BUNDLE_IDENTIFIER = BMA.expandableTableView;
				PRODUCT_NAME = "$(TARGET_NAME)";
				SWIFT_VERSION = 5.0;
				TARGETED_DEVICE_FAMILY = "1,2";
			};
			name = Debug;
		};
		858F727A23D0409000A9590D /* Release */ = {
			isa = XCBuildConfiguration;
			buildSettings = {
				ASSETCATALOG_COMPILER_APPICON_NAME = AppIcon;
				CODE_SIGN_STYLE = Automatic;
				INFOPLIST_FILE = expandableTableView/Info.plist;
				LD_RUNPATH_SEARCH_PATHS = (
					"$(inherited)",
					"@executable_path/Frameworks",
				);
				PRODUCT_BUNDLE_IDENTIFIER = BMA.expandableTableView;
				PRODUCT_NAME = "$(TARGET_NAME)";
				SWIFT_VERSION = 5.0;
				TARGETED_DEVICE_FAMILY = "1,2";
			};
			name = Release;
		};
/* End XCBuildConfiguration section */

/* Begin XCConfigurationList section */
		858F725F23D0408F00A9590D /* Build configuration list for PBXProject "expandableTableView" */ = {
			isa = XCConfigurationList;
			buildConfigurations = (
				858F727623D0409000A9590D /* Debug */,
				858F727723D0409000A9590D /* Release */,
			);
			defaultConfigurationIsVisible = 0;
			defaultConfigurationName = Release;
		};
		858F727823D0409000A9590D /* Build configuration list for PBXNativeTarget "expandableTableView" */ = {
			isa = XCConfigurationList;
			buildConfigurations = (
				858F727923D0409000A9590D /* Debug */,
				858F727A23D0409000A9590D /* Release */,
			);
			defaultConfigurationIsVisible = 0;
			defaultConfigurationName = Release;
		};
/* End XCConfigurationList section */
	};
	rootObject = 858F725C23D0408F00A9590D /* Project object */;
}
